// !$*UTF8*$!
{
	archiveVersion = 1;
	classes = {
	};
	objectVersion = 46;
	objects = {

/* Begin PBXBuildFile section */
		4755087C2BBD8E2FD9AD78B7 /* Pods_social_network.framework in Frameworks */ = {isa = PBXBuildFile; fileRef = EABC866835DE74325BBF21F8 /* Pods_social_network.framework */; };
		B826B4051ECD39310044B5E9 /* Post.swift in Sources */ = {isa = PBXBuildFile; fileRef = B826B4041ECD39310044B5E9 /* Post.swift */; };
		B83F03571ECC156C00A1B8FF /* FeedTableViewCell.swift in Sources */ = {isa = PBXBuildFile; fileRef = B83F03561ECC156C00A1B8FF /* FeedTableViewCell.swift */; };
		B880C5971ECD000A00554F35 /* DataServices.swift in Sources */ = {isa = PBXBuildFile; fileRef = B880C5961ECD000A00554F35 /* DataServices.swift */; };
		B88EB6251ECA558C0042767B /* GoogleService-Info.plist in Resources */ = {isa = PBXBuildFile; fileRef = B88EB6241ECA558C0042767B /* GoogleService-Info.plist */; };
		B88EB6281ECA5F090042767B /* Constants.swift in Sources */ = {isa = PBXBuildFile; fileRef = B88EB6271ECA5F090042767B /* Constants.swift */; };
		B88EB62A1ECA60290042767B /* ShadowView.swift in Sources */ = {isa = PBXBuildFile; fileRef = B88EB6291ECA60290042767B /* ShadowView.swift */; };
		B88EB62C1ECA66210042767B /* RoundBtn.swift in Sources */ = {isa = PBXBuildFile; fileRef = B88EB62B1ECA66210042767B /* RoundBtn.swift */; };
		B88EB62E1ECA6BC80042767B /* CustomTextField.swift in Sources */ = {isa = PBXBuildFile; fileRef = B88EB62D1ECA6BC80042767B /* CustomTextField.swift */; };
		B88EB6301ECA6DD60042767B /* RoundEdgeBtn.swift in Sources */ = {isa = PBXBuildFile; fileRef = B88EB62F1ECA6DD60042767B /* RoundEdgeBtn.swift */; };
		B88EB6321ECA6EAA0042767B /* ImageViewShadow.swift in Sources */ = {isa = PBXBuildFile; fileRef = B88EB6311ECA6EAA0042767B /* ImageViewShadow.swift */; };
		B891469F1EB993310002612E /* AppDelegate.swift in Sources */ = {isa = PBXBuildFile; fileRef = B891469E1EB993310002612E /* AppDelegate.swift */; };
		B89146A11EB993310002612E /* SignInVC.swift in Sources */ = {isa = PBXBuildFile; fileRef = B89146A01EB993310002612E /* SignInVC.swift */; };
		B89146A41EB993320002612E /* Main.storyboard in Resources */ = {isa = PBXBuildFile; fileRef = B89146A21EB993320002612E /* Main.storyboard */; };
		B89146A61EB993320002612E /* Assets.xcassets in Resources */ = {isa = PBXBuildFile; fileRef = B89146A51EB993320002612E /* Assets.xcassets */; };
		B89146A91EB993320002612E /* LaunchScreen.storyboard in Resources */ = {isa = PBXBuildFile; fileRef = B89146A71EB993320002612E /* LaunchScreen.storyboard */; };
		B89146B41EB9A16D0002612E /* FeedVC.swift in Sources */ = {isa = PBXBuildFile; fileRef = B89146B31EB9A16D0002612E /* FeedVC.swift */; };
/* End PBXBuildFile section */

/* Begin PBXFileReference section */
		109C017C311214B11615DD0C /* Pods-social_network.release.xcconfig */ = {isa = PBXFileReference; includeInIndex = 1; lastKnownFileType = text.xcconfig; name = "Pods-social_network.release.xcconfig"; path = "Pods/Target Support Files/Pods-social_network/Pods-social_network.release.xcconfig"; sourceTree = "<group>"; };
		B826B4041ECD39310044B5E9 /* Post.swift */ = {isa = PBXFileReference; fileEncoding = 4; lastKnownFileType = sourcecode.swift; path = Post.swift; sourceTree = "<group>"; };
		B83F03561ECC156C00A1B8FF /* FeedTableViewCell.swift */ = {isa = PBXFileReference; fileEncoding = 4; lastKnownFileType = sourcecode.swift; path = FeedTableViewCell.swift; sourceTree = "<group>"; };
		B880C5961ECD000A00554F35 /* DataServices.swift */ = {isa = PBXFileReference; fileEncoding = 4; lastKnownFileType = sourcecode.swift; path = DataServices.swift; sourceTree = "<group>"; };
		B88EB6241ECA558C0042767B /* GoogleService-Info.plist */ = {isa = PBXFileReference; fileEncoding = 4; lastKnownFileType = text.plist.xml; path = "GoogleService-Info.plist"; sourceTree = "<group>"; };
		B88EB6271ECA5F090042767B /* Constants.swift */ = {isa = PBXFileReference; fileEncoding = 4; lastKnownFileType = sourcecode.swift; path = Constants.swift; sourceTree = "<group>"; };
		B88EB6291ECA60290042767B /* ShadowView.swift */ = {isa = PBXFileReference; fileEncoding = 4; lastKnownFileType = sourcecode.swift; path = ShadowView.swift; sourceTree = "<group>"; };
		B88EB62B1ECA66210042767B /* RoundBtn.swift */ = {isa = PBXFileReference; fileEncoding = 4; lastKnownFileType = sourcecode.swift; path = RoundBtn.swift; sourceTree = "<group>"; };
		B88EB62D1ECA6BC80042767B /* CustomTextField.swift */ = {isa = PBXFileReference; fileEncoding = 4; lastKnownFileType = sourcecode.swift; path = CustomTextField.swift; sourceTree = "<group>"; };
		B88EB62F1ECA6DD60042767B /* RoundEdgeBtn.swift */ = {isa = PBXFileReference; fileEncoding = 4; lastKnownFileType = sourcecode.swift; path = RoundEdgeBtn.swift; sourceTree = "<group>"; };
		B88EB6311ECA6EAA0042767B /* ImageViewShadow.swift */ = {isa = PBXFileReference; fileEncoding = 4; lastKnownFileType = sourcecode.swift; path = ImageViewShadow.swift; sourceTree = "<group>"; };
		B88EB6331ECAB6960042767B /* social_network.entitlements */ = {isa = PBXFileReference; lastKnownFileType = text.plist.entitlements; path = social_network.entitlements; sourceTree = "<group>"; };
		B891469B1EB993310002612E /* social_network.app */ = {isa = PBXFileReference; explicitFileType = wrapper.application; includeInIndex = 0; path = social_network.app; sourceTree = BUILT_PRODUCTS_DIR; };
		B891469E1EB993310002612E /* AppDelegate.swift */ = {isa = PBXFileReference; lastKnownFileType = sourcecode.swift; path = AppDelegate.swift; sourceTree = "<group>"; };
		B89146A01EB993310002612E /* SignInVC.swift */ = {isa = PBXFileReference; lastKnownFileType = sourcecode.swift; path = SignInVC.swift; sourceTree = "<group>"; };
		B89146A31EB993320002612E /* Base */ = {isa = PBXFileReference; lastKnownFileType = file.storyboard; name = Base; path = Base.lproj/Main.storyboard; sourceTree = "<group>"; };
		B89146A51EB993320002612E /* Assets.xcassets */ = {isa = PBXFileReference; lastKnownFileType = folder.assetcatalog; path = Assets.xcassets; sourceTree = "<group>"; };
		B89146A81EB993320002612E /* Base */ = {isa = PBXFileReference; lastKnownFileType = file.storyboard; name = Base; path = Base.lproj/LaunchScreen.storyboard; sourceTree = "<group>"; };
		B89146AA1EB993320002612E /* Info.plist */ = {isa = PBXFileReference; lastKnownFileType = text.plist.xml; path = Info.plist; sourceTree = "<group>"; };
		B89146B31EB9A16D0002612E /* FeedVC.swift */ = {isa = PBXFileReference; fileEncoding = 4; lastKnownFileType = sourcecode.swift; path = FeedVC.swift; sourceTree = "<group>"; };
		BC7DF6D4FF69082FFFDDB937 /* Pods-social_network.debug.xcconfig */ = {isa = PBXFileReference; includeInIndex = 1; lastKnownFileType = text.xcconfig; name = "Pods-social_network.debug.xcconfig"; path = "Pods/Target Support Files/Pods-social_network/Pods-social_network.debug.xcconfig"; sourceTree = "<group>"; };
		EABC866835DE74325BBF21F8 /* Pods_social_network.framework */ = {isa = PBXFileReference; explicitFileType = wrapper.framework; includeInIndex = 0; path = Pods_social_network.framework; sourceTree = BUILT_PRODUCTS_DIR; };
/* End PBXFileReference section */

/* Begin PBXFrameworksBuildPhase section */
		B89146981EB993310002612E /* Frameworks */ = {
			isa = PBXFrameworksBuildPhase;
			buildActionMask = 2147483647;
			files = (
				4755087C2BBD8E2FD9AD78B7 /* Pods_social_network.framework in Frameworks */,
			);
			runOnlyForDeploymentPostprocessing = 0;
		};
/* End PBXFrameworksBuildPhase section */

/* Begin PBXGroup section */
		100040EF5185D97EC91DE069 /* Frameworks */ = {
			isa = PBXGroup;
			children = (
				EABC866835DE74325BBF21F8 /* Pods_social_network.framework */,
			);
			name = Frameworks;
			sourceTree = "<group>";
		};
		53C41DF69BE004C195F9147E /* Pods */ = {
			isa = PBXGroup;
			children = (
				BC7DF6D4FF69082FFFDDB937 /* Pods-social_network.debug.xcconfig */,
				109C017C311214B11615DD0C /* Pods-social_network.release.xcconfig */,
			);
			name = Pods;
			sourceTree = "<group>";
		};
		B880C5951ECCFFE100554F35 /* Services */ = {
			isa = PBXGroup;
			children = (
				B880C5961ECD000A00554F35 /* DataServices.swift */,
			);
			name = Services;
			sourceTree = "<group>";
		};
		B88EB6261ECA5EEE0042767B /* Util */ = {
			isa = PBXGroup;
			children = (
				B88EB6241ECA558C0042767B /* GoogleService-Info.plist */,
				B89146AA1EB993320002612E /* Info.plist */,
				B88EB6271ECA5F090042767B /* Constants.swift */,
			);
			name = Util;
			sourceTree = "<group>";
		};
		B89146921EB9932F0002612E = {
			isa = PBXGroup;
			children = (
				B891469D1EB993310002612E /* social_network */,
				B891469C1EB993310002612E /* Products */,
				53C41DF69BE004C195F9147E /* Pods */,
				100040EF5185D97EC91DE069 /* Frameworks */,
			);
			sourceTree = "<group>";
		};
		B891469C1EB993310002612E /* Products */ = {
			isa = PBXGroup;
			children = (
				B891469B1EB993310002612E /* social_network.app */,
			);
			name = Products;
			sourceTree = "<group>";
		};
		B891469D1EB993310002612E /* social_network */ = {
			isa = PBXGroup;
			children = (
				B88EB6331ECAB6960042767B /* social_network.entitlements */,
				B880C5951ECCFFE100554F35 /* Services */,
				B88EB6261ECA5EEE0042767B /* Util */,
				B89146B01EB9935C0002612E /* Model */,
				B89146B11EB993630002612E /* View */,
				B89146B21EB993690002612E /* Controller */,
				B891469E1EB993310002612E /* AppDelegate.swift */,
				B89146A21EB993320002612E /* Main.storyboard */,
				B89146A51EB993320002612E /* Assets.xcassets */,
				B89146A71EB993320002612E /* LaunchScreen.storyboard */,
			);
			path = social_network;
			sourceTree = "<group>";
		};
		B89146B01EB9935C0002612E /* Model */ = {
			isa = PBXGroup;
			children = (
				B826B4041ECD39310044B5E9 /* Post.swift */,
			);
			name = Model;
			sourceTree = "<group>";
		};
		B89146B11EB993630002612E /* View */ = {
			isa = PBXGroup;
			children = (
				B88EB6291ECA60290042767B /* ShadowView.swift */,
				B88EB62B1ECA66210042767B /* RoundBtn.swift */,
				B88EB62D1ECA6BC80042767B /* CustomTextField.swift */,
				B88EB62F1ECA6DD60042767B /* RoundEdgeBtn.swift */,
				B88EB6311ECA6EAA0042767B /* ImageViewShadow.swift */,
				B83F03561ECC156C00A1B8FF /* FeedTableViewCell.swift */,
			);
			name = View;
			sourceTree = "<group>";
		};
		B89146B21EB993690002612E /* Controller */ = {
			isa = PBXGroup;
			children = (
				B89146A01EB993310002612E /* SignInVC.swift */,
				B89146B31EB9A16D0002612E /* FeedVC.swift */,
			);
			name = Controller;
			sourceTree = "<group>";
		};
/* End PBXGroup section */

/* Begin PBXNativeTarget section */
		B891469A1EB993310002612E /* social_network */ = {
			isa = PBXNativeTarget;
			buildConfigurationList = B89146AD1EB993320002612E /* Build configuration list for PBXNativeTarget "social_network" */;
			buildPhases = (
				5F682B9138E38295F702FD8E /* [CP] Check Pods Manifest.lock */,
				B89146971EB993310002612E /* Sources */,
				B89146981EB993310002612E /* Frameworks */,
				B89146991EB993310002612E /* Resources */,
				C8200E3206CDD17C66975702 /* [CP] Embed Pods Frameworks */,
				345A2604C6FC491CD94C68EB /* [CP] Copy Pods Resources */,
			);
			buildRules = (
			);
			dependencies = (
			);
			name = social_network;
			productName = social_network;
			productReference = B891469B1EB993310002612E /* social_network.app */;
			productType = "com.apple.product-type.application";
		};
/* End PBXNativeTarget section */

/* Begin PBXProject section */
		B89146931EB993300002612E /* Project object */ = {
			isa = PBXProject;
			attributes = {
				LastSwiftUpdateCheck = 0820;
				LastUpgradeCheck = 0820;
				ORGANIZATIONNAME = ImbaGames;
				TargetAttributes = {
					B891469A1EB993310002612E = {
						CreatedOnToolsVersion = 8.2;
						DevelopmentTeam = 3986475H8S;
						ProvisioningStyle = Automatic;
						SystemCapabilities = {
							com.apple.Keychain = {
								enabled = 1;
							};
						};
					};
				};
			};
			buildConfigurationList = B89146961EB993300002612E /* Build configuration list for PBXProject "social_network" */;
			compatibilityVersion = "Xcode 3.2";
			developmentRegion = English;
			hasScannedForEncodings = 0;
			knownRegions = (
				en,
				Base,
			);
			mainGroup = B89146921EB9932F0002612E;
			productRefGroup = B891469C1EB993310002612E /* Products */;
			projectDirPath = "";
			projectRoot = "";
			targets = (
				B891469A1EB993310002612E /* social_network */,
			);
		};
/* End PBXProject section */

/* Begin PBXResourcesBuildPhase section */
		B89146991EB993310002612E /* Resources */ = {
			isa = PBXResourcesBuildPhase;
			buildActionMask = 2147483647;
			files = (
				B89146A91EB993320002612E /* LaunchScreen.storyboard in Resources */,
				B88EB6251ECA558C0042767B /* GoogleService-Info.plist in Resources */,
				B89146A61EB993320002612E /* Assets.xcassets in Resources */,
				B89146A41EB993320002612E /* Main.storyboard in Resources */,
			);
			runOnlyForDeploymentPostprocessing = 0;
		};
/* End PBXResourcesBuildPhase section */

/* Begin PBXShellScriptBuildPhase section */
		345A2604C6FC491CD94C68EB /* [CP] Copy Pods Resources */ = {
			isa = PBXShellScriptBuildPhase;
			buildActionMask = 2147483647;
			files = (
			);
			inputPaths = (
			);
			name = "[CP] Copy Pods Resources";
			outputPaths = (
			);
			runOnlyForDeploymentPostprocessing = 0;
			shellPath = /bin/sh;
			shellScript = "\"${SRCROOT}/Pods/Target Support Files/Pods-social_network/Pods-social_network-resources.sh\"\n";
			showEnvVarsInLog = 0;
		};
		5F682B9138E38295F702FD8E /* [CP] Check Pods Manifest.lock */ = {
			isa = PBXShellScriptBuildPhase;
			buildActionMask = 2147483647;
			files = (
			);
			inputPaths = (
			);
			name = "[CP] Check Pods Manifest.lock";
			outputPaths = (
			);
			runOnlyForDeploymentPostprocessing = 0;
			shellPath = /bin/sh;
			shellScript = "diff \"${PODS_ROOT}/../Podfile.lock\" \"${PODS_ROOT}/Manifest.lock\" > /dev/null\nif [ $? != 0 ] ; then\n    # print error to STDERR\n    echo \"error: The sandbox is not in sync with the Podfile.lock. Run 'pod install' or update your CocoaPods installation.\" >&2\n    exit 1\nfi\n";
			showEnvVarsInLog = 0;
		};
		C8200E3206CDD17C66975702 /* [CP] Embed Pods Frameworks */ = {
			isa = PBXShellScriptBuildPhase;
			buildActionMask = 2147483647;
			files = (
			);
			inputPaths = (
			);
			name = "[CP] Embed Pods Frameworks";
			outputPaths = (
			);
			runOnlyForDeploymentPostprocessing = 0;
			shellPath = /bin/sh;
			shellScript = "\"${SRCROOT}/Pods/Target Support Files/Pods-social_network/Pods-social_network-frameworks.sh\"\n";
			showEnvVarsInLog = 0;
		};
/* End PBXShellScriptBuildPhase section */

/* Begin PBXSourcesBuildPhase section */
		B89146971EB993310002612E /* Sources */ = {
			isa = PBXSourcesBuildPhase;
			buildActionMask = 2147483647;
			files = (
				B88EB62E1ECA6BC80042767B /* CustomTextField.swift in Sources */,
				B89146B41EB9A16D0002612E /* FeedVC.swift in Sources */,
				B89146A11EB993310002612E /* SignInVC.swift in Sources */,
				B826B4051ECD39310044B5E9 /* Post.swift in Sources */,
				B88EB6321ECA6EAA0042767B /* ImageViewShadow.swift in Sources */,
				B891469F1EB993310002612E /* AppDelegate.swift in Sources */,
				B880C5971ECD000A00554F35 /* DataServices.swift in Sources */,
				B88EB62C1ECA66210042767B /* RoundBtn.swift in Sources */,
				B88EB6281ECA5F090042767B /* Constants.swift in Sources */,
				B88EB6301ECA6DD60042767B /* RoundEdgeBtn.swift in Sources */,
				B88EB62A1ECA60290042767B /* ShadowView.swift in Sources */,
				B83F03571ECC156C00A1B8FF /* FeedTableViewCell.swift in Sources */,
			);
			runOnlyForDeploymentPostprocessing = 0;
		};
/* End PBXSourcesBuildPhase section */

/* Begin PBXVariantGroup section */
		B89146A21EB993320002612E /* Main.storyboard */ = {
			isa = PBXVariantGroup;
			children = (
				B89146A31EB993320002612E /* Base */,
			);
			name = Main.storyboard;
			sourceTree = "<group>";
		};
		B89146A71EB993320002612E /* LaunchScreen.storyboard */ = {
			isa = PBXVariantGroup;
			children = (
				B89146A81EB993320002612E /* Base */,
			);
			name = LaunchScreen.storyboard;
			sourceTree = "<group>";
		};
/* End PBXVariantGroup section */

/* Begin XCBuildConfiguration section */
		B89146AB1EB993320002612E /* Debug */ = {
			isa = XCBuildConfiguration;
			buildSettings = {
				ALWAYS_SEARCH_USER_PATHS = NO;
				CLANG_ANALYZER_NONNULL = YES;
				CLANG_CXX_LANGUAGE_STANDARD = "gnu++0x";
				CLANG_CXX_LIBRARY = "libc++";
				CLANG_ENABLE_MODULES = YES;
				CLANG_ENABLE_OBJC_ARC = YES;
				CLANG_WARN_BOOL_CONVERSION = YES;
				CLANG_WARN_CONSTANT_CONVERSION = YES;
				CLANG_WARN_DIRECT_OBJC_ISA_USAGE = YES_ERROR;
				CLANG_WARN_DOCUMENTATION_COMMENTS = YES;
				CLANG_WARN_EMPTY_BODY = YES;
				CLANG_WARN_ENUM_CONVERSION = YES;
				CLANG_WARN_INFINITE_RECURSION = YES;
				CLANG_WARN_INT_CONVERSION = YES;
				CLANG_WARN_OBJC_ROOT_CLASS = YES_ERROR;
				CLANG_WARN_SUSPICIOUS_MOVE = YES;
				CLANG_WARN_UNREACHABLE_CODE = YES;
				CLANG_WARN__DUPLICATE_METHOD_MATCH = YES;
				"CODE_SIGN_IDENTITY[sdk=iphoneos*]" = "iPhone Developer";
				COPY_PHASE_STRIP = NO;
				DEBUG_INFORMATION_FORMAT = dwarf;
				ENABLE_STRICT_OBJC_MSGSEND = YES;
				ENABLE_TESTABILITY = YES;
				GCC_C_LANGUAGE_STANDARD = gnu99;
				GCC_DYNAMIC_NO_PIC = NO;
				GCC_NO_COMMON_BLOCKS = YES;
				GCC_OPTIMIZATION_LEVEL = 0;
				GCC_PREPROCESSOR_DEFINITIONS = (
					"DEBUG=1",
					"$(inherited)",
				);
				GCC_WARN_64_TO_32_BIT_CONVERSION = YES;
				GCC_WARN_ABOUT_RETURN_TYPE = YES_ERROR;
				GCC_WARN_UNDECLARED_SELECTOR = YES;
				GCC_WARN_UNINITIALIZED_AUTOS = YES_AGGRESSIVE;
				GCC_WARN_UNUSED_FUNCTION = YES;
				GCC_WARN_UNUSED_VARIABLE = YES;
				IPHONEOS_DEPLOYMENT_TARGET = 10.2;
				MTL_ENABLE_DEBUG_INFO = YES;
				ONLY_ACTIVE_ARCH = YES;
				SDKROOT = iphoneos;
				SWIFT_ACTIVE_COMPILATION_CONDITIONS = DEBUG;
				SWIFT_OPTIMIZATION_LEVEL = "-Onone";
				TARGETED_DEVICE_FAMILY = "1,2";
			};
			name = Debug;
		};
		B89146AC1EB993320002612E /* Release */ = {
			isa = XCBuildConfiguration;
			buildSettings = {
				ALWAYS_SEARCH_USER_PATHS = NO;
				CLANG_ANALYZER_NONNULL = YES;
				CLANG_CXX_LANGUAGE_STANDARD = "gnu++0x";
				CLANG_CXX_LIBRARY = "libc++";
				CLANG_ENABLE_MODULES = YES;
				CLANG_ENABLE_OBJC_ARC = YES;
				CLANG_WARN_BOOL_CONVERSION = YES;
				CLANG_WARN_CONSTANT_CONVERSION = YES;
				CLANG_WARN_DIRECT_OBJC_ISA_USAGE = YES_ERROR;
				CLANG_WARN_DOCUMENTATION_COMMENTS = YES;
				CLANG_WARN_EMPTY_BODY = YES;
				CLANG_WARN_ENUM_CONVERSION = YES;
				CLANG_WARN_INFINITE_RECURSION = YES;
				CLANG_WARN_INT_CONVERSION = YES;
				CLANG_WARN_OBJC_ROOT_CLASS = YES_ERROR;
				CLANG_WARN_SUSPICIOUS_MOVE = YES;
				CLANG_WARN_UNREACHABLE_CODE = YES;
				CLANG_WARN__DUPLICATE_METHOD_MATCH = YES;
				"CODE_SIGN_IDENTITY[sdk=iphoneos*]" = "iPhone Developer";
				COPY_PHASE_STRIP = NO;
				DEBUG_INFORMATION_FORMAT = "dwarf-with-dsym";
				ENABLE_NS_ASSERTIONS = NO;
				ENABLE_STRICT_OBJC_MSGSEND = YES;
				GCC_C_LANGUAGE_STANDARD = gnu99;
				GCC_NO_COMMON_BLOCKS = YES;
				GCC_WARN_64_TO_32_BIT_CONVERSION = YES;
				GCC_WARN_ABOUT_RETURN_TYPE = YES_ERROR;
				GCC_WARN_UNDECLARED_SELECTOR = YES;
				GCC_WARN_UNINITIALIZED_AUTOS = YES_AGGRESSIVE;
				GCC_WARN_UNUSED_FUNCTION = YES;
				GCC_WARN_UNUSED_VARIABLE = YES;
				IPHONEOS_DEPLOYMENT_TARGET = 10.2;
				MTL_ENABLE_DEBUG_INFO = NO;
				SDKROOT = iphoneos;
				SWIFT_OPTIMIZATION_LEVEL = "-Owholemodule";
				TARGETED_DEVICE_FAMILY = "1,2";
				VALIDATE_PRODUCT = YES;
			};
			name = Release;
		};
		B89146AE1EB993320002612E /* Debug */ = {
			isa = XCBuildConfiguration;
			baseConfigurationReference = BC7DF6D4FF69082FFFDDB937 /* Pods-social_network.debug.xcconfig */;
			buildSettings = {
				ASSETCATALOG_COMPILER_APPICON_NAME = AppIcon;
				CODE_SIGN_ENTITLEMENTS = social_network/social_network.entitlements;
				DEVELOPMENT_TEAM = 3986475H8S;
				INFOPLIST_FILE = social_network/Info.plist;
				LD_RUNPATH_SEARCH_PATHS = "$(inherited) @executable_path/Frameworks";
				PRODUCT_BUNDLE_IDENTIFIER = "ImbaGames.social-network";
				PRODUCT_NAME = "$(TARGET_NAME)";
				SWIFT_VERSION = 3.0;
			};
			name = Debug;
		};
		B89146AF1EB993320002612E /* Release */ = {
			isa = XCBuildConfiguration;
			baseConfigurationReference = 109C017C311214B11615DD0C /* Pods-social_network.release.xcconfig */;
			buildSettings = {
				ASSETCATALOG_COMPILER_APPICON_NAME = AppIcon;
				CODE_SIGN_ENTITLEMENTS = social_network/social_network.entitlements;
				DEVELOPMENT_TEAM = 3986475H8S;
				INFOPLIST_FILE = social_network/Info.plist;
				LD_RUNPATH_SEARCH_PATHS = "$(inherited) @executable_path/Frameworks";
				PRODUCT_BUNDLE_IDENTIFIER = "ImbaGames.social-network";
				PRODUCT_NAME = "$(TARGET_NAME)";
				SWIFT_VERSION = 3.0;
			};
			name = Release;
		};
/* End XCBuildConfiguration section */

/* Begin XCConfigurationList section */
		B89146961EB993300002612E /* Build configuration list for PBXProject "social_network" */ = {
			isa = XCConfigurationList;
			buildConfigurations = (
				B89146AB1EB993320002612E /* Debug */,
				B89146AC1EB993320002612E /* Release */,
			);
			defaultConfigurationIsVisible = 0;
			defaultConfigurationName = Release;
		};
		B89146AD1EB993320002612E /* Build configuration list for PBXNativeTarget "social_network" */ = {
			isa = XCConfigurationList;
			buildConfigurations = (
				B89146AE1EB993320002612E /* Debug */,
				B89146AF1EB993320002612E /* Release */,
			);
			defaultConfigurationIsVisible = 0;
			defaultConfigurationName = Release;
		};
/* End XCConfigurationList section */
	};
	rootObject = B89146931EB993300002612E /* Project object */;
}
